dependencies:
  atanisoft/esp_lcd_touch_xpt2046:
    component_hash: 94c1d199922bc7468b5e14912ab0eb053a4a5a25680ce8a4ca2f4f18febbb01a
    dependencies:
    - name: idf
      require: private
      version: '>=4.4'
    - name: espressif/esp_lcd_touch
      registry_url: https://components.espressif.com
      require: private
      version: '>=1.0.4'
    source:
      registry_url: https://components.espressif.com/
      type: service
    version: 1.0.5
  espressif/ble_conn_mgr:
    component_hash: fa0e88eef06bf3135f333fea5e752411d47e379da7f2659520b7036573a79b7f
    dependencies:
    - name: idf
      require: private
      version: '>=4.3'
    - name: espressif/cmake_utilities
      registry_url: https://components.espressif.com
      require: private
      version: 0.*
    source:
      registry_url: https://components.espressif.com/
      type: service
    version: 0.1.2
  espressif/cmake_utilities:
    component_hash: 351350613ceafba240b761b4ea991e0f231ac7a9f59a9ee901f751bddc0bb18f
    dependencies:
    - name: idf
      require: private
      version: '>=4.1'
    source:
      registry_url: https://components.espressif.com
      type: service
    version: 0.5.3
  espressif/esp_lcd_ili9341:
    component_hash: 31f1b793aa2110dd2ae071c21ccbff0a4eb20d9a4ee40b6294c0dc0ad9552c4e
    dependencies:
    - name: idf
      require: private
      version: '>=4.4'
    - name: espressif/cmake_utilities
      registry_url: https://components.espressif.com
      require: private
      version: 0.*
    source:
      registry_url: https://components.espressif.com/
      type: service
    version: 1.2.0
  espressif/esp_lcd_touch:
    component_hash: 779b4ba2464a3ae85681e4b860caa5fdc35801458c23f3039ee761bae7f442a4
    dependencies:
    - name: idf
      require: private
      version: '>=4.4.2'
    source:
      registry_url: https://components.espressif.com/
      type: service
    version: 1.1.2
  idf:
    source:
      type: idf
    version: 5.3.2
  lvgl/lvgl:
    component_hash: 948bff879a345149b83065535bbc4a026ce9f47498a22881e432a264b9098015
    dependencies: []
    source:
      registry_url: https://components.espressif.com/
      type: service
    version: 8.3.11
  truita/mpu9250:
    component_hash: 3403bfddacef335397281d3191845d4e09c792e5fe62aff8689bcc67a388c645
    dependencies:
    - name: idf
      require: private
      version: '>=5.0'
    source:
      registry_url: https://components.espressif.com/
      type: service
    version: 1.0.1
direct_dependencies:
- atanisoft/esp_lcd_touch_xpt2046
- espressif/ble_conn_mgr
- espressif/esp_lcd_ili9341
- espressif/esp_lcd_touch
- idf
- lvgl/lvgl
- truita/mpu9250
manifest_hash: d75ddfc0fb85f16a7720770309a45597ed583e82b41ae61646c4d1392de90211
target: esp32
version: 2.0.0
